
Microsoft Visual Studio Solution File, Format Version 12.00
# Visual Studio 15
VisualStudioVersion = 15.0.27703.2035
MinimumVisualStudioVersion = 10.0.40219.1
Project("{8BC9CEB8-8B4A-11D0-8D11-00A0C91BC942}") = "Grades", "Grades\Grades.vcxproj", "{2DBDFAB7-FD3F-4D39-A5DF-7C1ECF77D255}"
EndProject
Global
	GlobalSection(SolutionConfigurationPlatforms) = preSolution
		Debug|x64 = Debug|x64
		Debug|x86 = Debug|x86
		Release|x64 = Release|x64
		Release|x86 = Release|x86
	EndGlobalSection
	GlobalSection(ProjectConfigurationPlatforms) = postSolution
		{2DBDFAB7-FD3F-4D39-A5DF-7C1ECF77D255}.Debug|x64.ActiveCfg = Debug|x64
		{2DBDFAB7-FD3F-4D39-A5DF-7C1ECF77D255}.Debug|x64.Build.0 = Debug|x64
		{2DBDFAB7-FD3F-4D39-A5DF-7C1ECF77D255}.Debug|x86.ActiveCfg = Debug|Win32
		{2DBDFAB7-FD3F-4D39-A5DF-7C1ECF77D255}.Debug|x86.Build.0 = Debug|Win32
		{2DBDFAB7-FD3F-4D39-A5DF-7C1ECF77D255}.Release|x64.ActiveCfg = Release|x64
		{2DBDFAB7-FD3F-4D39-A5DF-7C1ECF77D255}.Release|x64.Build.0 = Release|x64
		{2DBDFAB7-FD3F-4D39-A5DF-7C1ECF77D255}.Release|x86.ActiveCfg = Release|Win32
		{2DBDFAB7-FD3F-4D39-A5DF-7C1ECF77D255}.Release|x86.Build.0 = Release|Win32
	EndGlobalSection
	GlobalSection(SolutionProperties) = preSolution
		HideSolutionNode = FALSE
	EndGlobalSection
	GlobalSection(ExtensibilityGlobals) = postSolution
		SolutionGuid = {70892541-4F08-4F61-856B-07580F5810CA}
	EndGlobalSection
EndGlobal
